
Microsoft Visual Studio Solution File, Format Version 12.00
# Visual Studio Version 16
VisualStudioVersion = 16.0.31205.134
MinimumVisualStudioVersion = 10.0.40219.1
Project("{FAE04EC0-301F-11D3-BF4B-00C04F79EFBC}") = "KargoWinUI", "KargoWinUI\KargoWinUI.csproj", "{21B806FE-52ED-48C1-86BF-E8262873E4A7}"
EndProject
Global
	GlobalSection(SolutionConfigurationPlatforms) = preSolution
		Debug|Any CPU = Debug|Any CPU
		Release|Any CPU = Release|Any CPU
	EndGlobalSection
	GlobalSection(ProjectConfigurationPlatforms) = postSolution
		{21B806FE-52ED-48C1-86BF-E8262873E4A7}.Debug|Any CPU.ActiveCfg = Debug|Any CPU
		{21B806FE-52ED-48C1-86BF-E8262873E4A7}.Debug|Any CPU.Build.0 = Debug|Any CPU
		{21B806FE-52ED-48C1-86BF-E8262873E4A7}.Release|Any CPU.ActiveCfg = Release|Any CPU
		{21B806FE-52ED-48C1-86BF-E8262873E4A7}.Release|Any CPU.Build.0 = Release|Any CPU
	EndGlobalSection
	GlobalSection(SolutionProperties) = preSolution
		HideSolutionNode = FALSE
	EndGlobalSection
	GlobalSection(ExtensibilityGlobals) = postSolution
		SolutionGuid = {264A4FEE-D101-4CA6-B332-E70C750BB2B8}
	EndGlobalSection
EndGlobal
