
Microsoft Visual Studio Solution File, Format Version 12.00
# Visual Studio Version 16
VisualStudioVersion = 16.0.31205.134
MinimumVisualStudioVersion = 10.0.40219.1
Project("{FAE04EC0-301F-11D3-BF4B-00C04F79EFBC}") = "DepoAPI", "DepoAPI\DepoAPI.csproj", "{545ABB0E-EFA9-40D5-AC85-663697E70C71}"
EndProject
Global
	GlobalSection(SolutionConfigurationPlatforms) = preSolution
		Debug|Any CPU = Debug|Any CPU
		Release|Any CPU = Release|Any CPU
	EndGlobalSection
	GlobalSection(ProjectConfigurationPlatforms) = postSolution
		{545ABB0E-EFA9-40D5-AC85-663697E70C71}.Debug|Any CPU.ActiveCfg = Debug|Any CPU
		{545ABB0E-EFA9-40D5-AC85-663697E70C71}.Debug|Any CPU.Build.0 = Debug|Any CPU
		{545ABB0E-EFA9-40D5-AC85-663697E70C71}.Release|Any CPU.ActiveCfg = Release|Any CPU
		{545ABB0E-EFA9-40D5-AC85-663697E70C71}.Release|Any CPU.Build.0 = Release|Any CPU
	EndGlobalSection
	GlobalSection(SolutionProperties) = preSolution
		HideSolutionNode = FALSE
	EndGlobalSection
	GlobalSection(ExtensibilityGlobals) = postSolution
		SolutionGuid = {F0F57070-4A7F-46CB-9146-8C5CC27BD777}
	EndGlobalSection
EndGlobal
